{
  "name": "streaming-center-plugins",
  "version": "0.0.0",
  "lockfileVersion": 3,
  "requires": true,
  "packages": {
    "": {
      "name": "streaming-center-plugins",
      "version": "0.0.0",
      "workspaces": [
        "api",
        "plugins/*"
      ],
      "devDependencies": {
        "typescript": "~6.0.3"
      }
    },
    "api": {
      "name": "@sc/api",
      "version": "0.0.0"
    },
    "node_modules/@sc/api": {
      "resolved": "api",
      "link": true
    },
    "node_modules/@sc/plugin-custom-server": {
      "resolved": "plugins/custom-server",
      "link": true
    },
    "node_modules/@sc/plugin-emby": {
      "resolved": "plugins/emby",
      "link": true
    },
    "node_modules/@sc/plugin-google": {
      "resolved": "plugins/google",
      "link": true
    },
    "node_modules/@sc/plugin-icloud": {
      "resolved": "plugins/icloud",
      "link": true
    },
    "node_modules/@sc/plugin-invidious": {
      "resolved": "plugins/invidious",
      "link": true
    },
    "node_modules/@sc/plugin-jellyfin": {
      "resolved": "plugins/jellyfin",
      "link": true
    },
    "node_modules/@sc/plugin-local": {
      "resolved": "plugins/local",
      "link": true
    },
    "node_modules/@sc/plugin-mock": {
      "resolved": "plugins/mock",
      "link": true
    },
    "node_modules/@sc/plugin-plex": {
      "resolved": "plugins/plex",
      "link": true
    },
    "node_modules/@sc/plugin-webdav": {
      "resolved": "plugins/webdav",
      "link": true
    },
    "node_modules/@sc/plugin-yattee": {
      "resolved": "plugins/yattee",
      "link": true
    },
    "node_modules/typescript": {
      "version": "6.0.3",
      "resolved": "https://registry.npmjs.org/typescript/-/typescript-6.0.3.tgz",
      "integrity": "sha512-y2TvuxSZPDyQakkFRPZHKFm+KKVqIisdg9/CZwm9ftvKXLP8NRWj38/ODjNbr43SsoXqNuAisEf1GdCxqWcdBw==",
      "dev": true,
      "license": "Apache-2.0",
      "bin": {
        "tsc": "bin/tsc",
        "tsserver": "bin/tsserver"
      },
      "engines": {
        "node": ">=14.17"
      }
    },
    "packages/media/emby": {
      "name": "@sc/media-emby",
      "version": "0.0.0",
      "extraneous": true,
      "dependencies": {
        "@sc/plugin-api": "*"
      }
    },
    "packages/media/invidious": {
      "name": "@sc/media-invidious",
      "version": "0.0.0",
      "extraneous": true,
      "dependencies": {
        "@sc/plugin-api": "*"
      }
    },
    "packages/media/jellyfin": {
      "name": "@sc/media-jellyfin",
      "version": "0.0.0",
      "extraneous": true,
      "dependencies": {
        "@sc/plugin-api": "*"
      }
    },
    "packages/media/mock": {
      "name": "@sc/media-mock",
      "version": "0.0.0",
      "extraneous": true,
      "dependencies": {
        "@sc/plugin-api": "*"
      }
    },
    "packages/media/plex": {
      "name": "@sc/media-plex",
      "version": "0.0.0",
      "extraneous": true,
      "dependencies": {
        "@sc/plugin-api": "*"
      }
    },
    "packages/media/webdav": {
      "name": "@sc/media-webdav",
      "version": "0.0.0",
      "extraneous": true,
      "dependencies": {
        "@sc/plugin-api": "*"
      }
    },
    "packages/media/yattee": {
      "name": "@sc/media-yattee",
      "version": "0.0.0",
      "extraneous": true,
      "dependencies": {
        "@sc/plugin-api": "*"
      }
    },
    "packages/plugin-api": {
      "name": "@sc/plugin-api",
      "version": "0.0.0",
      "extraneous": true
    },
    "packages/sync/custom-server": {
      "name": "@sc/sync-custom-server",
      "version": "0.0.0",
      "extraneous": true,
      "dependencies": {
        "@sc/plugin-api": "*"
      }
    },
    "packages/sync/google": {
      "name": "@sc/sync-google",
      "version": "0.0.0",
      "extraneous": true,
      "dependencies": {
        "@sc/plugin-api": "*"
      }
    },
    "packages/sync/icloud": {
      "name": "@sc/sync-icloud",
      "version": "0.0.0",
      "extraneous": true,
      "dependencies": {
        "@sc/plugin-api": "*"
      }
    },
    "packages/sync/jellyfin": {
      "name": "@sc/sync-jellyfin",
      "version": "0.0.0",
      "extraneous": true,
      "dependencies": {
        "@sc/plugin-api": "*"
      }
    },
    "packages/sync/local": {
      "name": "@sc/sync-local",
      "version": "0.0.0",
      "extraneous": true,
      "dependencies": {
        "@sc/plugin-api": "*"
      }
    },
    "plugins/custom-server": {
      "name": "@sc/plugin-custom-server",
      "version": "0.0.0",
      "dependencies": {
        "@sc/api": "*"
      }
    },
    "plugins/emby": {
      "name": "@sc/plugin-emby",
      "version": "0.0.0",
      "dependencies": {
        "@sc/api": "*"
      }
    },
    "plugins/google": {
      "name": "@sc/plugin-google",
      "version": "0.0.0",
      "dependencies": {
        "@sc/api": "*"
      }
    },
    "plugins/icloud": {
      "name": "@sc/plugin-icloud",
      "version": "0.0.0",
      "dependencies": {
        "@sc/api": "*"
      }
    },
    "plugins/invidious": {
      "name": "@sc/plugin-invidious",
      "version": "0.0.0",
      "dependencies": {
        "@sc/api": "*"
      }
    },
    "plugins/jellyfin": {
      "name": "@sc/plugin-jellyfin",
      "version": "0.0.0",
      "dependencies": {
        "@sc/api": "*"
      }
    },
    "plugins/local": {
      "name": "@sc/plugin-local",
      "version": "0.0.0",
      "dependencies": {
        "@sc/api": "*"
      }
    },
    "plugins/mock": {
      "name": "@sc/plugin-mock",
      "version": "0.0.0",
      "dependencies": {
        "@sc/api": "*"
      }
    },
    "plugins/plex": {
      "name": "@sc/plugin-plex",
      "version": "0.0.0",
      "dependencies": {
        "@sc/api": "*"
      }
    },
    "plugins/webdav": {
      "name": "@sc/plugin-webdav",
      "version": "0.0.0",
      "dependencies": {
        "@sc/api": "*"
      }
    },
    "plugins/yattee": {
      "name": "@sc/plugin-yattee",
      "version": "0.0.0",
      "dependencies": {
        "@sc/api": "*"
      }
    }
  }
}
