{
  "name": "streaming-center-plugins",
  "version": "0.0.0",
  "lockfileVersion": 3,
  "requires": true,
  "packages": {
    "": {
      "name": "streaming-center-plugins",
      "version": "0.0.0",
      "workspaces": [
        "packages/plugin-api",
        "packages/media/*",
        "packages/sync/*"
      ],
      "devDependencies": {
        "typescript": "~6.0.3"
      }
    },
    "node_modules/@sc/media-emby": {
      "resolved": "packages/media/emby",
      "link": true
    },
    "node_modules/@sc/media-invidious": {
      "resolved": "packages/media/invidious",
      "link": true
    },
    "node_modules/@sc/media-jellyfin": {
      "resolved": "packages/media/jellyfin",
      "link": true
    },
    "node_modules/@sc/media-mock": {
      "resolved": "packages/media/mock",
      "link": true
    },
    "node_modules/@sc/media-plex": {
      "resolved": "packages/media/plex",
      "link": true
    },
    "node_modules/@sc/media-webdav": {
      "resolved": "packages/media/webdav",
      "link": true
    },
    "node_modules/@sc/media-yattee": {
      "resolved": "packages/media/yattee",
      "link": true
    },
    "node_modules/@sc/plugin-api": {
      "resolved": "packages/plugin-api",
      "link": true
    },
    "node_modules/@sc/sync-custom-server": {
      "resolved": "packages/sync/custom-server",
      "link": true
    },
    "node_modules/@sc/sync-google": {
      "resolved": "packages/sync/google",
      "link": true
    },
    "node_modules/@sc/sync-icloud": {
      "resolved": "packages/sync/icloud",
      "link": true
    },
    "node_modules/@sc/sync-jellyfin": {
      "resolved": "packages/sync/jellyfin",
      "link": true
    },
    "node_modules/@sc/sync-local": {
      "resolved": "packages/sync/local",
      "link": true
    },
    "node_modules/typescript": {
      "version": "6.0.3",
      "resolved": "https://registry.npmjs.org/typescript/-/typescript-6.0.3.tgz",
      "integrity": "sha512-y2TvuxSZPDyQakkFRPZHKFm+KKVqIisdg9/CZwm9ftvKXLP8NRWj38/ODjNbr43SsoXqNuAisEf1GdCxqWcdBw==",
      "dev": true,
      "license": "Apache-2.0",
      "bin": {
        "tsc": "bin/tsc",
        "tsserver": "bin/tsserver"
      },
      "engines": {
        "node": ">=14.17"
      }
    },
    "packages/media/emby": {
      "name": "@sc/media-emby",
      "version": "0.0.0",
      "dependencies": {
        "@sc/plugin-api": "*"
      }
    },
    "packages/media/invidious": {
      "name": "@sc/media-invidious",
      "version": "0.0.0",
      "dependencies": {
        "@sc/plugin-api": "*"
      }
    },
    "packages/media/jellyfin": {
      "name": "@sc/media-jellyfin",
      "version": "0.0.0",
      "dependencies": {
        "@sc/plugin-api": "*"
      }
    },
    "packages/media/mock": {
      "name": "@sc/media-mock",
      "version": "0.0.0",
      "dependencies": {
        "@sc/plugin-api": "*"
      }
    },
    "packages/media/plex": {
      "name": "@sc/media-plex",
      "version": "0.0.0",
      "dependencies": {
        "@sc/plugin-api": "*"
      }
    },
    "packages/media/webdav": {
      "name": "@sc/media-webdav",
      "version": "0.0.0",
      "dependencies": {
        "@sc/plugin-api": "*"
      }
    },
    "packages/media/yattee": {
      "name": "@sc/media-yattee",
      "version": "0.0.0",
      "dependencies": {
        "@sc/plugin-api": "*"
      }
    },
    "packages/plugin-api": {
      "name": "@sc/plugin-api",
      "version": "0.0.0"
    },
    "packages/sync/custom-server": {
      "name": "@sc/sync-custom-server",
      "version": "0.0.0",
      "dependencies": {
        "@sc/plugin-api": "*"
      }
    },
    "packages/sync/google": {
      "name": "@sc/sync-google",
      "version": "0.0.0",
      "dependencies": {
        "@sc/plugin-api": "*"
      }
    },
    "packages/sync/icloud": {
      "name": "@sc/sync-icloud",
      "version": "0.0.0",
      "dependencies": {
        "@sc/plugin-api": "*"
      }
    },
    "packages/sync/jellyfin": {
      "name": "@sc/sync-jellyfin",
      "version": "0.0.0",
      "dependencies": {
        "@sc/plugin-api": "*"
      }
    },
    "packages/sync/local": {
      "name": "@sc/sync-local",
      "version": "0.0.0",
      "dependencies": {
        "@sc/plugin-api": "*"
      }
    }
  }
}
